// !$*UTF8*$!
{
	archiveVersion = 1;
	classes = {
	};
	objectVersion = 46;
	objects = {

/* Begin PBXBuildFile section */
		3A15CC5B1A10DE1D00312C8C /* concert.json in CopyFiles */ = {isa = PBXBuildFile; fileRef = 3A9CA17B1A0C59100016860E /* concert.json */; };
		3A2F84521A0F972D000BA744 /* RKValueTransformers.m in Sources */ = {isa = PBXBuildFile; fileRef = 3A2F84501A0F972D000BA744 /* RKValueTransformers.m */; };
		3A9CA1681A0C58D50016860E /* main.m in Sources */ = {isa = PBXBuildFile; fileRef = 3A9CA1671A0C58D50016860E /* main.m */; };
		3A9CA1771A0C59020016860E /* Act.m in Sources */ = {isa = PBXBuildFile; fileRef = 3A9CA1701A0C59020016860E /* Act.m */; };
		3A9CA1781A0C59020016860E /* Concert.m in Sources */ = {isa = PBXBuildFile; fileRef = 3A9CA1721A0C59020016860E /* Concert.m */; };
		3A9CA1791A0C59020016860E /* Genre.m in Sources */ = {isa = PBXBuildFile; fileRef = 3A9CA1741A0C59020016860E /* Genre.m */; };
		3A9CA17A1A0C59020016860E /* Venue.m in Sources */ = {isa = PBXBuildFile; fileRef = 3A9CA1761A0C59020016860E /* Venue.m */; };
		3A9CA18E1A0C59C10016860E /* FAObjectDescription+Functions.m in Sources */ = {isa = PBXBuildFile; fileRef = 3A9CA17D1A0C59C10016860E /* FAObjectDescription+Functions.m */; };
		3A9CA18F1A0C59C10016860E /* FAAdapt.m in Sources */ = {isa = PBXBuildFile; fileRef = 3A9CA1801A0C59C10016860E /* FAAdapt.m */; };
		3A9CA1901A0C59C10016860E /* FAAdaptValueTransformer.m in Sources */ = {isa = PBXBuildFile; fileRef = 3A9CA1821A0C59C10016860E /* FAAdaptValueTransformer.m */; };
		3A9CA1981A0C5A840016860E /* FAAdaptPropertyFinder.m in Sources */ = {isa = PBXBuildFile; fileRef = 3A9CA1971A0C5A840016860E /* FAAdaptPropertyFinder.m */; };
		3AF90BFF1A2A3F9800E38E11 /* FAEntityDescription.m in Sources */ = {isa = PBXBuildFile; fileRef = 3AF90BFE1A2A3F9800E38E11 /* FAEntityDescription.m */; };
		3AF90C011A2A40C300E38E11 /* CoreData.framework in Frameworks */ = {isa = PBXBuildFile; fileRef = 3AF90C001A2A40C300E38E11 /* CoreData.framework */; };
		3AF90C091A2A490E00E38E11 /* NSArray+Functions.m in Sources */ = {isa = PBXBuildFile; fileRef = 3AF90C061A2A490E00E38E11 /* NSArray+Functions.m */; };
		3AF90C0A1A2A490E00E38E11 /* NSDictionary+Functions.m in Sources */ = {isa = PBXBuildFile; fileRef = 3AF90C081A2A490E00E38E11 /* NSDictionary+Functions.m */; };
		3AF90C0D1A2A498900E38E11 /* FAPropertyDescription+CoreData.m in Sources */ = {isa = PBXBuildFile; fileRef = 3AF90C0C1A2A498900E38E11 /* FAPropertyDescription+CoreData.m */; };
/* End PBXBuildFile section */

/* Begin PBXCopyFilesBuildPhase section */
		3A9CA1621A0C58D50016860E /* CopyFiles */ = {
			isa = PBXCopyFilesBuildPhase;
			buildActionMask = 12;
			dstPath = "";
			dstSubfolderSpec = 16;
			files = (
				3A15CC5B1A10DE1D00312C8C /* concert.json in CopyFiles */,
			);
			runOnlyForDeploymentPostprocessing = 0;
		};
/* End PBXCopyFilesBuildPhase section */

/* Begin PBXFileReference section */
		3A2F844F1A0F972D000BA744 /* RKValueTransformers.h */ = {isa = PBXFileReference; fileEncoding = 4; lastKnownFileType = sourcecode.c.h; path = RKValueTransformers.h; sourceTree = "<group>"; };
		3A2F84501A0F972D000BA744 /* RKValueTransformers.m */ = {isa = PBXFileReference; fileEncoding = 4; lastKnownFileType = sourcecode.c.objc; path = RKValueTransformers.m; sourceTree = "<group>"; };
		3A9CA1641A0C58D50016860E /* FAAdaptExample */ = {isa = PBXFileReference; explicitFileType = "compiled.mach-o.executable"; includeInIndex = 0; path = FAAdaptExample; sourceTree = BUILT_PRODUCTS_DIR; };
		3A9CA1671A0C58D50016860E /* main.m */ = {isa = PBXFileReference; lastKnownFileType = sourcecode.c.objc; path = main.m; sourceTree = "<group>"; };
		3A9CA16F1A0C59020016860E /* Act.h */ = {isa = PBXFileReference; fileEncoding = 4; lastKnownFileType = sourcecode.c.h; path = Act.h; sourceTree = "<group>"; };
		3A9CA1701A0C59020016860E /* Act.m */ = {isa = PBXFileReference; fileEncoding = 4; lastKnownFileType = sourcecode.c.objc; path = Act.m; sourceTree = "<group>"; };
		3A9CA1711A0C59020016860E /* Concert.h */ = {isa = PBXFileReference; fileEncoding = 4; lastKnownFileType = sourcecode.c.h; path = Concert.h; sourceTree = "<group>"; };
		3A9CA1721A0C59020016860E /* Concert.m */ = {isa = PBXFileReference; fileEncoding = 4; lastKnownFileType = sourcecode.c.objc; path = Concert.m; sourceTree = "<group>"; };
		3A9CA1731A0C59020016860E /* Genre.h */ = {isa = PBXFileReference; fileEncoding = 4; lastKnownFileType = sourcecode.c.h; path = Genre.h; sourceTree = "<group>"; };
		3A9CA1741A0C59020016860E /* Genre.m */ = {isa = PBXFileReference; fileEncoding = 4; lastKnownFileType = sourcecode.c.objc; path = Genre.m; sourceTree = "<group>"; };
		3A9CA1751A0C59020016860E /* Venue.h */ = {isa = PBXFileReference; fileEncoding = 4; lastKnownFileType = sourcecode.c.h; path = Venue.h; sourceTree = "<group>"; };
		3A9CA1761A0C59020016860E /* Venue.m */ = {isa = PBXFileReference; fileEncoding = 4; lastKnownFileType = sourcecode.c.objc; path = Venue.m; sourceTree = "<group>"; };
		3A9CA17B1A0C59100016860E /* concert.json */ = {isa = PBXFileReference; lastKnownFileType = text.json; path = concert.json; sourceTree = "<group>"; };
		3A9CA17C1A0C59C10016860E /* FAObjectDescription+Functions.h */ = {isa = PBXFileReference; fileEncoding = 4; lastKnownFileType = sourcecode.c.h; path = "FAObjectDescription+Functions.h"; sourceTree = "<group>"; };
		3A9CA17D1A0C59C10016860E /* FAObjectDescription+Functions.m */ = {isa = PBXFileReference; fileEncoding = 4; lastKnownFileType = sourcecode.c.objc; path = "FAObjectDescription+Functions.m"; sourceTree = "<group>"; };
		3A9CA17F1A0C59C10016860E /* FAAdapt.h */ = {isa = PBXFileReference; fileEncoding = 4; lastKnownFileType = sourcecode.c.h; path = FAAdapt.h; sourceTree = "<group>"; };
		3A9CA1801A0C59C10016860E /* FAAdapt.m */ = {isa = PBXFileReference; fileEncoding = 4; lastKnownFileType = sourcecode.c.objc; path = FAAdapt.m; sourceTree = "<group>"; };
		3A9CA1811A0C59C10016860E /* FAAdaptValueTransformer.h */ = {isa = PBXFileReference; fileEncoding = 4; lastKnownFileType = sourcecode.c.h; path = FAAdaptValueTransformer.h; sourceTree = "<group>"; };
		3A9CA1821A0C59C10016860E /* FAAdaptValueTransformer.m */ = {isa = PBXFileReference; fileEncoding = 4; lastKnownFileType = sourcecode.c.objc; path = FAAdaptValueTransformer.m; sourceTree = "<group>"; };
		3A9CA1961A0C5A840016860E /* FAAdaptPropertyFinder.h */ = {isa = PBXFileReference; fileEncoding = 4; lastKnownFileType = sourcecode.c.h; path = FAAdaptPropertyFinder.h; sourceTree = "<group>"; };
		3A9CA1971A0C5A840016860E /* FAAdaptPropertyFinder.m */ = {isa = PBXFileReference; fileEncoding = 4; lastKnownFileType = sourcecode.c.objc; path = FAAdaptPropertyFinder.m; sourceTree = "<group>"; };
		3AF90BF41A2A3D6000E38E11 /* FAArrayDescription.h */ = {isa = PBXFileReference; lastKnownFileType = sourcecode.c.h; path = FAArrayDescription.h; sourceTree = "<group>"; };
		3AF90BF51A2A3D6000E38E11 /* FAArrayDescription.m */ = {isa = PBXFileReference; lastKnownFileType = sourcecode.c.objc; path = FAArrayDescription.m; sourceTree = "<group>"; };
		3AF90BF61A2A3D6000E38E11 /* FADescription.h */ = {isa = PBXFileReference; lastKnownFileType = sourcecode.c.h; path = FADescription.h; sourceTree = "<group>"; };
		3AF90BF71A2A3D6000E38E11 /* FADescription.m */ = {isa = PBXFileReference; lastKnownFileType = sourcecode.c.objc; path = FADescription.m; sourceTree = "<group>"; };
		3AF90BF81A2A3D6000E38E11 /* FAObjectDescription.h */ = {isa = PBXFileReference; lastKnownFileType = sourcecode.c.h; path = FAObjectDescription.h; sourceTree = "<group>"; };
		3AF90BF91A2A3D6000E38E11 /* FAObjectDescription.m */ = {isa = PBXFileReference; lastKnownFileType = sourcecode.c.objc; path = FAObjectDescription.m; sourceTree = "<group>"; };
		3AF90BFA1A2A3D6000E38E11 /* FAPropertyDescription.h */ = {isa = PBXFileReference; lastKnownFileType = sourcecode.c.h; path = FAPropertyDescription.h; sourceTree = "<group>"; };
		3AF90BFB1A2A3D6000E38E11 /* FAPropertyDescription.m */ = {isa = PBXFileReference; lastKnownFileType = sourcecode.c.objc; path = FAPropertyDescription.m; sourceTree = "<group>"; };
		3AF90BFD1A2A3F9800E38E11 /* FAEntityDescription.h */ = {isa = PBXFileReference; fileEncoding = 4; lastKnownFileType = sourcecode.c.h; name = FAEntityDescription.h; path = CoreData/FAEntityDescription.h; sourceTree = "<group>"; };
		3AF90BFE1A2A3F9800E38E11 /* FAEntityDescription.m */ = {isa = PBXFileReference; fileEncoding = 4; lastKnownFileType = sourcecode.c.objc; name = FAEntityDescription.m; path = CoreData/FAEntityDescription.m; sourceTree = "<group>"; };
		3AF90C001A2A40C300E38E11 /* CoreData.framework */ = {isa = PBXFileReference; lastKnownFileType = wrapper.framework; name = CoreData.framework; path = System/Library/Frameworks/CoreData.framework; sourceTree = SDKROOT; };
		3AF90C041A2A490E00E38E11 /* FExtension.h */ = {isa = PBXFileReference; fileEncoding = 4; lastKnownFileType = sourcecode.c.h; path = FExtension.h; sourceTree = "<group>"; };
		3AF90C051A2A490E00E38E11 /* NSArray+Functions.h */ = {isa = PBXFileReference; fileEncoding = 4; lastKnownFileType = sourcecode.c.h; path = "NSArray+Functions.h"; sourceTree = "<group>"; };
		3AF90C061A2A490E00E38E11 /* NSArray+Functions.m */ = {isa = PBXFileReference; fileEncoding = 4; lastKnownFileType = sourcecode.c.objc; path = "NSArray+Functions.m"; sourceTree = "<group>"; };
		3AF90C071A2A490E00E38E11 /* NSDictionary+Functions.h */ = {isa = PBXFileReference; fileEncoding = 4; lastKnownFileType = sourcecode.c.h; path = "NSDictionary+Functions.h"; sourceTree = "<group>"; };
		3AF90C081A2A490E00E38E11 /* NSDictionary+Functions.m */ = {isa = PBXFileReference; fileEncoding = 4; lastKnownFileType = sourcecode.c.objc; path = "NSDictionary+Functions.m"; sourceTree = "<group>"; };
		3AF90C0B1A2A498900E38E11 /* FAPropertyDescription+CoreData.h */ = {isa = PBXFileReference; fileEncoding = 4; lastKnownFileType = sourcecode.c.h; name = "FAPropertyDescription+CoreData.h"; path = "CoreData/FAPropertyDescription+CoreData.h"; sourceTree = "<group>"; };
		3AF90C0C1A2A498900E38E11 /* FAPropertyDescription+CoreData.m */ = {isa = PBXFileReference; fileEncoding = 4; lastKnownFileType = sourcecode.c.objc; name = "FAPropertyDescription+CoreData.m"; path = "CoreData/FAPropertyDescription+CoreData.m"; sourceTree = "<group>"; };
/* End PBXFileReference section */

/* Begin PBXFrameworksBuildPhase section */
		3A9CA1611A0C58D50016860E /* Frameworks */ = {
			isa = PBXFrameworksBuildPhase;
			buildActionMask = 2147483647;
			files = (
				3AF90C011A2A40C300E38E11 /* CoreData.framework in Frameworks */,
			);
			runOnlyForDeploymentPostprocessing = 0;
		};
/* End PBXFrameworksBuildPhase section */

/* Begin PBXGroup section */
		3A2F84511A0F972D000BA744 /* RKValueTransformers */ = {
			isa = PBXGroup;
			children = (
				3A2F844F1A0F972D000BA744 /* RKValueTransformers.h */,
				3A2F84501A0F972D000BA744 /* RKValueTransformers.m */,
			);
			name = RKValueTransformers;
			path = ../RKValueTransformers/Code;
			sourceTree = "<group>";
		};
		3A9CA15B1A0C58D50016860E = {
			isa = PBXGroup;
			children = (
				3AF90C021A2A490E00E38E11 /* FExtension */,
				3AF90C001A2A40C300E38E11 /* CoreData.framework */,
				3A2F84511A0F972D000BA744 /* RKValueTransformers */,
				3A9CA18D1A0C59C10016860E /* FAAdapt */,
				3A9CA17B1A0C59100016860E /* concert.json */,
				3A9CA1661A0C58D50016860E /* FAAdaptExample */,
				3A9CA1651A0C58D50016860E /* Products */,
			);
			sourceTree = "<group>";
		};
		3A9CA1651A0C58D50016860E /* Products */ = {
			isa = PBXGroup;
			children = (
				3A9CA1641A0C58D50016860E /* FAAdaptExample */,
			);
			name = Products;
			sourceTree = "<group>";
		};
		3A9CA1661A0C58D50016860E /* FAAdaptExample */ = {
			isa = PBXGroup;
			children = (
				3A9CA16E1A0C58F80016860E /* Models */,
				3A9CA1671A0C58D50016860E /* main.m */,
			);
			path = FAAdaptExample;
			sourceTree = "<group>";
		};
		3A9CA16E1A0C58F80016860E /* Models */ = {
			isa = PBXGroup;
			children = (
				3A9CA16F1A0C59020016860E /* Act.h */,
				3A9CA1701A0C59020016860E /* Act.m */,
				3A9CA1711A0C59020016860E /* Concert.h */,
				3A9CA1721A0C59020016860E /* Concert.m */,
				3A9CA1731A0C59020016860E /* Genre.h */,
				3A9CA1741A0C59020016860E /* Genre.m */,
				3A9CA1751A0C59020016860E /* Venue.h */,
				3A9CA1761A0C59020016860E /* Venue.m */,
			);
			name = Models;
			path = ..;
			sourceTree = "<group>";
		};
		3A9CA17E1A0C59C10016860E /* Categories */ = {
			isa = PBXGroup;
			children = (
				3A9CA17C1A0C59C10016860E /* FAObjectDescription+Functions.h */,
				3A9CA17D1A0C59C10016860E /* FAObjectDescription+Functions.m */,
			);
			path = Categories;
			sourceTree = "<group>";
		};
		3A9CA18D1A0C59C10016860E /* FAAdapt */ = {
			isa = PBXGroup;
			children = (
				3AF90BFC1A2A3F5E00E38E11 /* CoreData */,
				3A9CA17E1A0C59C10016860E /* Categories */,
				3AF90BF31A2A3D6000E38E11 /* Adaptors */,
				3A9CA17F1A0C59C10016860E /* FAAdapt.h */,
				3A9CA1801A0C59C10016860E /* FAAdapt.m */,
				3A9CA1811A0C59C10016860E /* FAAdaptValueTransformer.h */,
				3A9CA1821A0C59C10016860E /* FAAdaptValueTransformer.m */,
				3A9CA1961A0C5A840016860E /* FAAdaptPropertyFinder.h */,
				3A9CA1971A0C5A840016860E /* FAAdaptPropertyFinder.m */,
			);
			name = FAAdapt;
			path = ../FAAdapt;
			sourceTree = "<group>";
		};
		3AF90BF31A2A3D6000E38E11 /* Adaptors */ = {
			isa = PBXGroup;
			children = (
				3AF90BF41A2A3D6000E38E11 /* FAArrayDescription.h */,
				3AF90BF51A2A3D6000E38E11 /* FAArrayDescription.m */,
				3AF90BF61A2A3D6000E38E11 /* FADescription.h */,
				3AF90BF71A2A3D6000E38E11 /* FADescription.m */,
				3AF90BF81A2A3D6000E38E11 /* FAObjectDescription.h */,
				3AF90BF91A2A3D6000E38E11 /* FAObjectDescription.m */,
				3AF90BFA1A2A3D6000E38E11 /* FAPropertyDescription.h */,
				3AF90BFB1A2A3D6000E38E11 /* FAPropertyDescription.m */,
			);
			path = Adaptors;
			sourceTree = "<group>";
		};
		3AF90BFC1A2A3F5E00E38E11 /* CoreData */ = {
			isa = PBXGroup;
			children = (
				3AF90BFD1A2A3F9800E38E11 /* FAEntityDescription.h */,
				3AF90BFE1A2A3F9800E38E11 /* FAEntityDescription.m */,
				3AF90C0B1A2A498900E38E11 /* FAPropertyDescription+CoreData.h */,
				3AF90C0C1A2A498900E38E11 /* FAPropertyDescription+CoreData.m */,
			);
			name = CoreData;
			sourceTree = "<group>";
		};
		3AF90C021A2A490E00E38E11 /* FExtension */ = {
			isa = PBXGroup;
			children = (
				3AF90C041A2A490E00E38E11 /* FExtension.h */,
				3AF90C051A2A490E00E38E11 /* NSArray+Functions.h */,
				3AF90C061A2A490E00E38E11 /* NSArray+Functions.m */,
				3AF90C071A2A490E00E38E11 /* NSDictionary+Functions.h */,
				3AF90C081A2A490E00E38E11 /* NSDictionary+Functions.m */,
			);
			name = FExtension;
			path = ../FExtension/Pod/Classes;
			sourceTree = "<group>";
		};
/* End PBXGroup section */

/* Begin PBXNativeTarget section */
		3A9CA1631A0C58D50016860E /* FAAdaptExample */ = {
			isa = PBXNativeTarget;
			buildConfigurationList = 3A9CA16B1A0C58D50016860E /* Build configuration list for PBXNativeTarget "FAAdaptExample" */;
			buildPhases = (
				3A9CA1601A0C58D50016860E /* Sources */,
				3A9CA1611A0C58D50016860E /* Frameworks */,
				3A9CA1621A0C58D50016860E /* CopyFiles */,
			);
			buildRules = (
			);
			dependencies = (
			);
			name = FAAdaptExample;
			productName = FAAdaptExample;
			productReference = 3A9CA1641A0C58D50016860E /* FAAdaptExample */;
			productType = "com.apple.product-type.tool";
		};
/* End PBXNativeTarget section */

/* Begin PBXProject section */
		3A9CA15C1A0C58D50016860E /* Project object */ = {
			isa = PBXProject;
			attributes = {
				LastUpgradeCheck = 0610;
				ORGANIZATIONNAME = "Rasmus Kildevaeld";
				TargetAttributes = {
					3A9CA1631A0C58D50016860E = {
						CreatedOnToolsVersion = 6.1;
					};
				};
			};
			buildConfigurationList = 3A9CA15F1A0C58D50016860E /* Build configuration list for PBXProject "FAAdaptExample" */;
			compatibilityVersion = "Xcode 3.2";
			developmentRegion = English;
			hasScannedForEncodings = 0;
			knownRegions = (
				en,
			);
			mainGroup = 3A9CA15B1A0C58D50016860E;
			productRefGroup = 3A9CA1651A0C58D50016860E /* Products */;
			projectDirPath = "";
			projectRoot = "";
			targets = (
				3A9CA1631A0C58D50016860E /* FAAdaptExample */,
			);
		};
/* End PBXProject section */

/* Begin PBXSourcesBuildPhase section */
		3A9CA1601A0C58D50016860E /* Sources */ = {
			isa = PBXSourcesBuildPhase;
			buildActionMask = 2147483647;
			files = (
				3AF90C0D1A2A498900E38E11 /* FAPropertyDescription+CoreData.m in Sources */,
				3A9CA1981A0C5A840016860E /* FAAdaptPropertyFinder.m in Sources */,
				3A9CA18E1A0C59C10016860E /* FAObjectDescription+Functions.m in Sources */,
				3A9CA18F1A0C59C10016860E /* FAAdapt.m in Sources */,
				3A9CA1771A0C59020016860E /* Act.m in Sources */,
				3A9CA1781A0C59020016860E /* Concert.m in Sources */,
				3A9CA1681A0C58D50016860E /* main.m in Sources */,
				3AF90BFF1A2A3F9800E38E11 /* FAEntityDescription.m in Sources */,
				3A2F84521A0F972D000BA744 /* RKValueTransformers.m in Sources */,
				3A9CA1901A0C59C10016860E /* FAAdaptValueTransformer.m in Sources */,
				3A9CA17A1A0C59020016860E /* Venue.m in Sources */,
				3AF90C091A2A490E00E38E11 /* NSArray+Functions.m in Sources */,
				3AF90C0A1A2A490E00E38E11 /* NSDictionary+Functions.m in Sources */,
				3A9CA1791A0C59020016860E /* Genre.m in Sources */,
			);
			runOnlyForDeploymentPostprocessing = 0;
		};
/* End PBXSourcesBuildPhase section */

/* Begin XCBuildConfiguration section */
		3A9CA1691A0C58D50016860E /* Debug */ = {
			isa = XCBuildConfiguration;
			buildSettings = {
				ALWAYS_SEARCH_USER_PATHS = NO;
				CLANG_CXX_LANGUAGE_STANDARD = "gnu++0x";
				CLANG_CXX_LIBRARY = "libc++";
				CLANG_ENABLE_MODULES = YES;
				CLANG_ENABLE_OBJC_ARC = YES;
				CLANG_WARN_BOOL_CONVERSION = YES;
				CLANG_WARN_CONSTANT_CONVERSION = YES;
				CLANG_WARN_DIRECT_OBJC_ISA_USAGE = YES_ERROR;
				CLANG_WARN_EMPTY_BODY = YES;
				CLANG_WARN_ENUM_CONVERSION = YES;
				CLANG_WARN_INT_CONVERSION = YES;
				CLANG_WARN_OBJC_ROOT_CLASS = YES_ERROR;
				CLANG_WARN_UNREACHABLE_CODE = YES;
				CLANG_WARN__DUPLICATE_METHOD_MATCH = YES;
				COPY_PHASE_STRIP = NO;
				ENABLE_STRICT_OBJC_MSGSEND = YES;
				GCC_C_LANGUAGE_STANDARD = gnu99;
				GCC_DYNAMIC_NO_PIC = NO;
				GCC_OPTIMIZATION_LEVEL = 0;
				GCC_PREPROCESSOR_DEFINITIONS = (
					"DEBUG=1",
					"$(inherited)",
				);
				GCC_SYMBOLS_PRIVATE_EXTERN = NO;
				GCC_WARN_64_TO_32_BIT_CONVERSION = YES;
				GCC_WARN_ABOUT_RETURN_TYPE = YES_ERROR;
				GCC_WARN_UNDECLARED_SELECTOR = YES;
				GCC_WARN_UNINITIALIZED_AUTOS = YES_AGGRESSIVE;
				GCC_WARN_UNUSED_FUNCTION = YES;
				GCC_WARN_UNUSED_VARIABLE = YES;
				MACOSX_DEPLOYMENT_TARGET = 10.10;
				MTL_ENABLE_DEBUG_INFO = YES;
				ONLY_ACTIVE_ARCH = YES;
				SDKROOT = macosx;
			};
			name = Debug;
		};
		3A9CA16A1A0C58D50016860E /* Release */ = {
			isa = XCBuildConfiguration;
			buildSettings = {
				ALWAYS_SEARCH_USER_PATHS = NO;
				CLANG_CXX_LANGUAGE_STANDARD = "gnu++0x";
				CLANG_CXX_LIBRARY = "libc++";
				CLANG_ENABLE_MODULES = YES;
				CLANG_ENABLE_OBJC_ARC = YES;
				CLANG_WARN_BOOL_CONVERSION = YES;
				CLANG_WARN_CONSTANT_CONVERSION = YES;
				CLANG_WARN_DIRECT_OBJC_ISA_USAGE = YES_ERROR;
				CLANG_WARN_EMPTY_BODY = YES;
				CLANG_WARN_ENUM_CONVERSION = YES;
				CLANG_WARN_INT_CONVERSION = YES;
				CLANG_WARN_OBJC_ROOT_CLASS = YES_ERROR;
				CLANG_WARN_UNREACHABLE_CODE = YES;
				CLANG_WARN__DUPLICATE_METHOD_MATCH = YES;
				COPY_PHASE_STRIP = YES;
				DEBUG_INFORMATION_FORMAT = "dwarf-with-dsym";
				ENABLE_NS_ASSERTIONS = NO;
				ENABLE_STRICT_OBJC_MSGSEND = YES;
				GCC_C_LANGUAGE_STANDARD = gnu99;
				GCC_WARN_64_TO_32_BIT_CONVERSION = YES;
				GCC_WARN_ABOUT_RETURN_TYPE = YES_ERROR;
				GCC_WARN_UNDECLARED_SELECTOR = YES;
				GCC_WARN_UNINITIALIZED_AUTOS = YES_AGGRESSIVE;
				GCC_WARN_UNUSED_FUNCTION = YES;
				GCC_WARN_UNUSED_VARIABLE = YES;
				MACOSX_DEPLOYMENT_TARGET = 10.10;
				MTL_ENABLE_DEBUG_INFO = NO;
				SDKROOT = macosx;
			};
			name = Release;
		};
		3A9CA16C1A0C58D50016860E /* Debug */ = {
			isa = XCBuildConfiguration;
			buildSettings = {
				PRODUCT_NAME = "$(TARGET_NAME)";
			};
			name = Debug;
		};
		3A9CA16D1A0C58D50016860E /* Release */ = {
			isa = XCBuildConfiguration;
			buildSettings = {
				PRODUCT_NAME = "$(TARGET_NAME)";
			};
			name = Release;
		};
/* End XCBuildConfiguration section */

/* Begin XCConfigurationList section */
		3A9CA15F1A0C58D50016860E /* Build configuration list for PBXProject "FAAdaptExample" */ = {
			isa = XCConfigurationList;
			buildConfigurations = (
				3A9CA1691A0C58D50016860E /* Debug */,
				3A9CA16A1A0C58D50016860E /* Release */,
			);
			defaultConfigurationIsVisible = 0;
			defaultConfigurationName = Release;
		};
		3A9CA16B1A0C58D50016860E /* Build configuration list for PBXNativeTarget "FAAdaptExample" */ = {
			isa = XCConfigurationList;
			buildConfigurations = (
				3A9CA16C1A0C58D50016860E /* Debug */,
				3A9CA16D1A0C58D50016860E /* Release */,
			);
			defaultConfigurationIsVisible = 0;
			defaultConfigurationName = Release;
		};
/* End XCConfigurationList section */
	};
	rootObject = 3A9CA15C1A0C58D50016860E /* Project object */;
}
