// !$*UTF8*$!
{
	archiveVersion = 1;
	classes = {
	};
	objectVersion = 46;
	objects = {

/* Begin PBXBuildFile section */
		3A1295471A09FCA1000A6D63 /* FAObjectMap.h in CopyFiles */ = {isa = PBXBuildFile; fileRef = 3A1295461A09FCA1000A6D63 /* FAObjectMap.h */; };
		3A1295491A09FCA1000A6D63 /* FAObjectMap.m in Sources */ = {isa = PBXBuildFile; fileRef = 3A1295481A09FCA1000A6D63 /* FAObjectMap.m */; };
		3A12954F1A09FCA1000A6D63 /* libFAObjectMap.a in Frameworks */ = {isa = PBXBuildFile; fileRef = 3A1295431A09FCA1000A6D63 /* libFAObjectMap.a */; };
/* End PBXBuildFile section */

/* Begin PBXContainerItemProxy section */
		3A1295501A09FCA1000A6D63 /* PBXContainerItemProxy */ = {
			isa = PBXContainerItemProxy;
			containerPortal = 3A12953B1A09FCA1000A6D63 /* Project object */;
			proxyType = 1;
			remoteGlobalIDString = 3A1295421A09FCA1000A6D63;
			remoteInfo = FAObjectMap;
		};
/* End PBXContainerItemProxy section */

/* Begin PBXCopyFilesBuildPhase section */
		3A1295411A09FCA1000A6D63 /* CopyFiles */ = {
			isa = PBXCopyFilesBuildPhase;
			buildActionMask = 2147483647;
			dstPath = "include/$(PRODUCT_NAME)";
			dstSubfolderSpec = 16;
			files = (
				3A1295471A09FCA1000A6D63 /* FAObjectMap.h in CopyFiles */,
			);
			runOnlyForDeploymentPostprocessing = 0;
		};
/* End PBXCopyFilesBuildPhase section */

/* Begin PBXFileReference section */
		3A1295431A09FCA1000A6D63 /* libFAObjectMap.a */ = {isa = PBXFileReference; explicitFileType = archive.ar; includeInIndex = 0; path = libFAObjectMap.a; sourceTree = BUILT_PRODUCTS_DIR; };
		3A1295461A09FCA1000A6D63 /* FAObjectMap.h */ = {isa = PBXFileReference; lastKnownFileType = sourcecode.c.h; path = FAObjectMap.h; sourceTree = "<group>"; };
		3A1295481A09FCA1000A6D63 /* FAObjectMap.m */ = {isa = PBXFileReference; lastKnownFileType = sourcecode.c.objc; path = FAObjectMap.m; sourceTree = "<group>"; };
		3A12954E1A09FCA1000A6D63 /* FAObjectMapTests.xctest */ = {isa = PBXFileReference; explicitFileType = wrapper.cfbundle; includeInIndex = 0; path = FAObjectMapTests.xctest; sourceTree = BUILT_PRODUCTS_DIR; };
		3A1295541A09FCA1000A6D63 /* Info.plist */ = {isa = PBXFileReference; lastKnownFileType = text.plist.xml; path = Info.plist; sourceTree = "<group>"; };
/* End PBXFileReference section */

/* Begin PBXFrameworksBuildPhase section */
		3A1295401A09FCA1000A6D63 /* Frameworks */ = {
			isa = PBXFrameworksBuildPhase;
			buildActionMask = 2147483647;
			files = (
			);
			runOnlyForDeploymentPostprocessing = 0;
		};
		3A12954B1A09FCA1000A6D63 /* Frameworks */ = {
			isa = PBXFrameworksBuildPhase;
			buildActionMask = 2147483647;
			files = (
				3A12954F1A09FCA1000A6D63 /* libFAObjectMap.a in Frameworks */,
			);
			runOnlyForDeploymentPostprocessing = 0;
		};
/* End PBXFrameworksBuildPhase section */

/* Begin PBXGroup section */
		3A12953A1A09FCA1000A6D63 = {
			isa = PBXGroup;
			children = (
				3A1295451A09FCA1000A6D63 /* FAObjectMap */,
				3A1295521A09FCA1000A6D63 /* FAObjectMapTests */,
				3A1295441A09FCA1000A6D63 /* Products */,
			);
			sourceTree = "<group>";
		};
		3A1295441A09FCA1000A6D63 /* Products */ = {
			isa = PBXGroup;
			children = (
				3A1295431A09FCA1000A6D63 /* libFAObjectMap.a */,
				3A12954E1A09FCA1000A6D63 /* FAObjectMapTests.xctest */,
			);
			name = Products;
			sourceTree = "<group>";
		};
		3A1295451A09FCA1000A6D63 /* FAObjectMap */ = {
			isa = PBXGroup;
			children = (
				3A1295461A09FCA1000A6D63 /* FAObjectMap.h */,
				3A1295481A09FCA1000A6D63 /* FAObjectMap.m */,
			);
			path = FAObjectMap;
			sourceTree = "<group>";
		};
		3A1295521A09FCA1000A6D63 /* FAObjectMapTests */ = {
			isa = PBXGroup;
			children = (
				3A1295531A09FCA1000A6D63 /* Supporting Files */,
			);
			path = FAObjectMapTests;
			sourceTree = "<group>";
		};
		3A1295531A09FCA1000A6D63 /* Supporting Files */ = {
			isa = PBXGroup;
			children = (
				3A1295541A09FCA1000A6D63 /* Info.plist */,
			);
			name = "Supporting Files";
			sourceTree = "<group>";
		};
/* End PBXGroup section */

/* Begin PBXNativeTarget section */
		3A1295421A09FCA1000A6D63 /* FAObjectMap */ = {
			isa = PBXNativeTarget;
			buildConfigurationList = 3A1295571A09FCA1000A6D63 /* Build configuration list for PBXNativeTarget "FAObjectMap" */;
			buildPhases = (
				3A12953F1A09FCA1000A6D63 /* Sources */,
				3A1295401A09FCA1000A6D63 /* Frameworks */,
				3A1295411A09FCA1000A6D63 /* CopyFiles */,
			);
			buildRules = (
			);
			dependencies = (
			);
			name = FAObjectMap;
			productName = FAObjectMap;
			productReference = 3A1295431A09FCA1000A6D63 /* libFAObjectMap.a */;
			productType = "com.apple.product-type.library.static";
		};
		3A12954D1A09FCA1000A6D63 /* FAObjectMapTests */ = {
			isa = PBXNativeTarget;
			buildConfigurationList = 3A12955A1A09FCA1000A6D63 /* Build configuration list for PBXNativeTarget "FAObjectMapTests" */;
			buildPhases = (
				3A12954A1A09FCA1000A6D63 /* Sources */,
				3A12954B1A09FCA1000A6D63 /* Frameworks */,
				3A12954C1A09FCA1000A6D63 /* Resources */,
			);
			buildRules = (
			);
			dependencies = (
				3A1295511A09FCA1000A6D63 /* PBXTargetDependency */,
			);
			name = FAObjectMapTests;
			productName = FAObjectMapTests;
			productReference = 3A12954E1A09FCA1000A6D63 /* FAObjectMapTests.xctest */;
			productType = "com.apple.product-type.bundle.unit-test";
		};
/* End PBXNativeTarget section */

/* Begin PBXProject section */
		3A12953B1A09FCA1000A6D63 /* Project object */ = {
			isa = PBXProject;
			attributes = {
				LastUpgradeCheck = 0610;
				ORGANIZATIONNAME = "Rasmus Kildevaeld";
				TargetAttributes = {
					3A1295421A09FCA1000A6D63 = {
						CreatedOnToolsVersion = 6.1;
					};
					3A12954D1A09FCA1000A6D63 = {
						CreatedOnToolsVersion = 6.1;
					};
				};
			};
			buildConfigurationList = 3A12953E1A09FCA1000A6D63 /* Build configuration list for PBXProject "FAObjectMap" */;
			compatibilityVersion = "Xcode 3.2";
			developmentRegion = English;
			hasScannedForEncodings = 0;
			knownRegions = (
				en,
			);
			mainGroup = 3A12953A1A09FCA1000A6D63;
			productRefGroup = 3A1295441A09FCA1000A6D63 /* Products */;
			projectDirPath = "";
			projectRoot = "";
			targets = (
				3A1295421A09FCA1000A6D63 /* FAObjectMap */,
				3A12954D1A09FCA1000A6D63 /* FAObjectMapTests */,
			);
		};
/* End PBXProject section */

/* Begin PBXResourcesBuildPhase section */
		3A12954C1A09FCA1000A6D63 /* Resources */ = {
			isa = PBXResourcesBuildPhase;
			buildActionMask = 2147483647;
			files = (
			);
			runOnlyForDeploymentPostprocessing = 0;
		};
/* End PBXResourcesBuildPhase section */

/* Begin PBXSourcesBuildPhase section */
		3A12953F1A09FCA1000A6D63 /* Sources */ = {
			isa = PBXSourcesBuildPhase;
			buildActionMask = 2147483647;
			files = (
				3A1295491A09FCA1000A6D63 /* FAObjectMap.m in Sources */,
			);
			runOnlyForDeploymentPostprocessing = 0;
		};
		3A12954A1A09FCA1000A6D63 /* Sources */ = {
			isa = PBXSourcesBuildPhase;
			buildActionMask = 2147483647;
			files = (
			);
			runOnlyForDeploymentPostprocessing = 0;
		};
/* End PBXSourcesBuildPhase section */

/* Begin PBXTargetDependency section */
		3A1295511A09FCA1000A6D63 /* PBXTargetDependency */ = {
			isa = PBXTargetDependency;
			target = 3A1295421A09FCA1000A6D63 /* FAObjectMap */;
			targetProxy = 3A1295501A09FCA1000A6D63 /* PBXContainerItemProxy */;
		};
/* End PBXTargetDependency section */

/* Begin XCBuildConfiguration section */
		3A1295551A09FCA1000A6D63 /* Debug */ = {
			isa = XCBuildConfiguration;
			buildSettings = {
				ALWAYS_SEARCH_USER_PATHS = NO;
				CLANG_CXX_LANGUAGE_STANDARD = "gnu++0x";
				CLANG_CXX_LIBRARY = "libc++";
				CLANG_ENABLE_MODULES = YES;
				CLANG_ENABLE_OBJC_ARC = YES;
				CLANG_WARN_BOOL_CONVERSION = YES;
				CLANG_WARN_CONSTANT_CONVERSION = YES;
				CLANG_WARN_DIRECT_OBJC_ISA_USAGE = YES_ERROR;
				CLANG_WARN_EMPTY_BODY = YES;
				CLANG_WARN_ENUM_CONVERSION = YES;
				CLANG_WARN_INT_CONVERSION = YES;
				CLANG_WARN_OBJC_ROOT_CLASS = YES_ERROR;
				CLANG_WARN_UNREACHABLE_CODE = YES;
				CLANG_WARN__DUPLICATE_METHOD_MATCH = YES;
				COPY_PHASE_STRIP = NO;
				ENABLE_STRICT_OBJC_MSGSEND = YES;
				GCC_C_LANGUAGE_STANDARD = gnu99;
				GCC_DYNAMIC_NO_PIC = NO;
				GCC_OPTIMIZATION_LEVEL = 0;
				GCC_PREPROCESSOR_DEFINITIONS = (
					"DEBUG=1",
					"$(inherited)",
				);
				GCC_SYMBOLS_PRIVATE_EXTERN = NO;
				GCC_WARN_64_TO_32_BIT_CONVERSION = YES;
				GCC_WARN_ABOUT_RETURN_TYPE = YES_ERROR;
				GCC_WARN_UNDECLARED_SELECTOR = YES;
				GCC_WARN_UNINITIALIZED_AUTOS = YES_AGGRESSIVE;
				GCC_WARN_UNUSED_FUNCTION = YES;
				GCC_WARN_UNUSED_VARIABLE = YES;
				IPHONEOS_DEPLOYMENT_TARGET = 8.1;
				MTL_ENABLE_DEBUG_INFO = YES;
				ONLY_ACTIVE_ARCH = YES;
				SDKROOT = iphoneos;
			};
			name = Debug;
		};
		3A1295561A09FCA1000A6D63 /* Release */ = {
			isa = XCBuildConfiguration;
			buildSettings = {
				ALWAYS_SEARCH_USER_PATHS = NO;
				CLANG_CXX_LANGUAGE_STANDARD = "gnu++0x";
				CLANG_CXX_LIBRARY = "libc++";
				CLANG_ENABLE_MODULES = YES;
				CLANG_ENABLE_OBJC_ARC = YES;
				CLANG_WARN_BOOL_CONVERSION = YES;
				CLANG_WARN_CONSTANT_CONVERSION = YES;
				CLANG_WARN_DIRECT_OBJC_ISA_USAGE = YES_ERROR;
				CLANG_WARN_EMPTY_BODY = YES;
				CLANG_WARN_ENUM_CONVERSION = YES;
				CLANG_WARN_INT_CONVERSION = YES;
				CLANG_WARN_OBJC_ROOT_CLASS = YES_ERROR;
				CLANG_WARN_UNREACHABLE_CODE = YES;
				CLANG_WARN__DUPLICATE_METHOD_MATCH = YES;
				COPY_PHASE_STRIP = YES;
				ENABLE_NS_ASSERTIONS = NO;
				ENABLE_STRICT_OBJC_MSGSEND = YES;
				GCC_C_LANGUAGE_STANDARD = gnu99;
				GCC_WARN_64_TO_32_BIT_CONVERSION = YES;
				GCC_WARN_ABOUT_RETURN_TYPE = YES_ERROR;
				GCC_WARN_UNDECLARED_SELECTOR = YES;
				GCC_WARN_UNINITIALIZED_AUTOS = YES_AGGRESSIVE;
				GCC_WARN_UNUSED_FUNCTION = YES;
				GCC_WARN_UNUSED_VARIABLE = YES;
				IPHONEOS_DEPLOYMENT_TARGET = 8.1;
				MTL_ENABLE_DEBUG_INFO = NO;
				SDKROOT = iphoneos;
				VALIDATE_PRODUCT = YES;
			};
			name = Release;
		};
		3A1295581A09FCA1000A6D63 /* Debug */ = {
			isa = XCBuildConfiguration;
			buildSettings = {
				OTHER_LDFLAGS = "-ObjC";
				PRODUCT_NAME = "$(TARGET_NAME)";
				SKIP_INSTALL = YES;
			};
			name = Debug;
		};
		3A1295591A09FCA1000A6D63 /* Release */ = {
			isa = XCBuildConfiguration;
			buildSettings = {
				OTHER_LDFLAGS = "-ObjC";
				PRODUCT_NAME = "$(TARGET_NAME)";
				SKIP_INSTALL = YES;
			};
			name = Release;
		};
		3A12955B1A09FCA1000A6D63 /* Debug */ = {
			isa = XCBuildConfiguration;
			buildSettings = {
				FRAMEWORK_SEARCH_PATHS = (
					"$(SDKROOT)/Developer/Library/Frameworks",
					"$(inherited)",
				);
				GCC_PREPROCESSOR_DEFINITIONS = (
					"DEBUG=1",
					"$(inherited)",
				);
				INFOPLIST_FILE = FAObjectMapTests/Info.plist;
				LD_RUNPATH_SEARCH_PATHS = "$(inherited) @executable_path/Frameworks @loader_path/Frameworks";
				PRODUCT_NAME = "$(TARGET_NAME)";
			};
			name = Debug;
		};
		3A12955C1A09FCA1000A6D63 /* Release */ = {
			isa = XCBuildConfiguration;
			buildSettings = {
				FRAMEWORK_SEARCH_PATHS = (
					"$(SDKROOT)/Developer/Library/Frameworks",
					"$(inherited)",
				);
				INFOPLIST_FILE = FAObjectMapTests/Info.plist;
				LD_RUNPATH_SEARCH_PATHS = "$(inherited) @executable_path/Frameworks @loader_path/Frameworks";
				PRODUCT_NAME = "$(TARGET_NAME)";
			};
			name = Release;
		};
/* End XCBuildConfiguration section */

/* Begin XCConfigurationList section */
		3A12953E1A09FCA1000A6D63 /* Build configuration list for PBXProject "FAObjectMap" */ = {
			isa = XCConfigurationList;
			buildConfigurations = (
				3A1295551A09FCA1000A6D63 /* Debug */,
				3A1295561A09FCA1000A6D63 /* Release */,
			);
			defaultConfigurationIsVisible = 0;
			defaultConfigurationName = Release;
		};
		3A1295571A09FCA1000A6D63 /* Build configuration list for PBXNativeTarget "FAObjectMap" */ = {
			isa = XCConfigurationList;
			buildConfigurations = (
				3A1295581A09FCA1000A6D63 /* Debug */,
				3A1295591A09FCA1000A6D63 /* Release */,
			);
			defaultConfigurationIsVisible = 0;
		};
		3A12955A1A09FCA1000A6D63 /* Build configuration list for PBXNativeTarget "FAObjectMapTests" */ = {
			isa = XCConfigurationList;
			buildConfigurations = (
				3A12955B1A09FCA1000A6D63 /* Debug */,
				3A12955C1A09FCA1000A6D63 /* Release */,
			);
			defaultConfigurationIsVisible = 0;
		};
/* End XCConfigurationList section */
	};
	rootObject = 3A12953B1A09FCA1000A6D63 /* Project object */;
}
